Microsoft Visual Studio Solution File, Format Version 11.00
# Visual Studio 2010
Project("{FAE04EC0-301F-11D3-BF4B-00C04F79EFBC}") = "Application", "Application.csproj", "{BF127000-3596-482C-80E0-2771048E6F71}"
EndProject
Global
	GlobalSection(SolutionConfigurationPlatforms) = preSolution
		Debug|Any CPU = Debug|Any CPU
		Release|Any CPU = Release|Any CPU
	EndGlobalSection
	GlobalSection(ProjectConfigurationPlatforms) = postSolution
		{BF127000-3596-482C-80E0-2771048E6F71}.Debug|Any CPU.ActiveCfg = Debug|Any CPU
		{BF127000-3596-482C-80E0-2771048E6F71}.Debug|Any CPU.Build.0 = Debug|Any CPU
		{BF127000-3596-482C-80E0-2771048E6F71}.Release|Any CPU.ActiveCfg = Release|Any CPU
		{BF127000-3596-482C-80E0-2771048E6F71}.Release|Any CPU.Build.0 = Release|Any CPU
	EndGlobalSection
	GlobalSection(SolutionProperties) = preSolution
		HideSolutionNode = FALSE
	EndGlobalSection
EndGlobal
